<?xml version="1.0" encoding="utf-8"?>
<Project ToolsVersion="4.0" xmlns="http://schemas.microsoft.com/developer/msbuild/2003">
  <ItemGroup>
    <Filter Include="Thorn">
      <UniqueIdentifier>{30F9290E-9C0D-52BF-658F-F51ED1624EF0}</UniqueIdentifier>
    </Filter>
  </ItemGroup>
  <ItemGroup>
    <ClInclude Include="src\Thorn.h" />
    <ClInclude Include="src\Thorn\Application.h">
      <Filter>Thorn</Filter>
    </ClInclude>
    <ClInclude Include="src\Thorn\Core.h">
      <Filter>Thorn</Filter>
    </ClInclude>
    <ClInclude Include="src\Thorn\EntryPoint.h">
      <Filter>Thorn</Filter>
    </ClInclude>
    <ClInclude Include="src\Thorn\Log.h">
      <Filter>Thorn</Filter>
    </ClInclude>
  </ItemGroup>
  <ItemGroup>
    <ClCompile Include="src\Thorn\Application.cpp">
      <Filter>Thorn</Filter>
    </ClCompile>
    <ClCompile Include="src\Thorn\Log.cpp">
      <Filter>Thorn</Filter>
    </ClCompile>
  </ItemGroup>
</Project>